<?xml version="1.0" encoding="utf-8"?>
<Project ToolsVersion="4.0" xmlns="http://schemas.microsoft.com/developer/msbuild/2003">
  <ItemGroup>
    <ClCompile Include="$(MSBuildThisFileDirectory)gltfparser.cpp">
      <Filter>Source FIles</Filter>
    </ClCompile>
    <ClCompile Include="$(MSBuildThisFileDirectory)GLBGLTFConverter.cpp">
      <Filter>Source FIles</Filter>
    </ClCompile>
  </ItemGroup>
  <ItemGroup>
    <ClInclude Include="$(MSBuildThisFileDirectory)GLBGLTFConverter.h">
      <Filter>Header Files</Filter>
    </ClInclude>
    <ClInclude Include="$(MSBuildThisFileDirectory)gltfparser.h">
      <Filter>Header Files</Filter>
    </ClInclude>
    <ClInclude Include="$(MSBuildThisFileDirectory)stdafx.h" />
    <ClInclude Include="$(MSBuildThisFileDirectory)targetver.h" />
  </ItemGroup>
  <ItemGroup>
    <Filter Include="Header Files">
      <UniqueIdentifier>{caf0b4cb-f3cf-4ebc-9585-fa17068a8d55}</UniqueIdentifier>
    </Filter>
    <Filter Include="Source FIles">
      <UniqueIdentifier>{a4aba145-0f4e-4bba-b88a-93efa1476fed}</UniqueIdentifier>
    </Filter>
  </ItemGroup>
</Project>