<?xml version="1.0" encoding="utf-8"?>
<Project ToolsVersion="4.0" xmlns="http://schemas.microsoft.com/developer/msbuild/2003">
  <ItemGroup>
    <Filter Include="Common">
      <UniqueIdentifier>28b2a92c-d6ed-4a02-9448-b554bf5a95dc</UniqueIdentifier>
    </Filter>
    <Filter Include="Assets">
      <UniqueIdentifier>7bad9b3e-0852-4c2b-8860-6b9a3cccbc20</UniqueIdentifier>
      <Extensions>bmp;fbx;gif;jpg;jpeg;tga;tiff;tif;png</Extensions>
    </Filter>
    <Filter Include="Content">
      <UniqueIdentifier>b179b22d-810e-48b9-ae80-b3c641b788c6</UniqueIdentifier>
    </Filter>
    <ClInclude Include="Common\DirectXHelper.h">
      <Filter>Common</Filter>
    </ClInclude>
    <ClInclude Include="Common\StepTimer.h">
      <Filter>Common</Filter>
    </ClInclude>
    <ClInclude Include="Common\DeviceResources.h">
      <Filter>Common</Filter>
    </ClInclude>
    <ClCompile Include="Common\DeviceResources.cpp">
      <Filter>Common</Filter>
    </ClCompile>
    <ClInclude Include="Content\Sample3DSceneRenderer.h">
      <Filter>Content</Filter>
    </ClInclude>
    <ClInclude Include="Content\SampleFpsTextRenderer.h">
      <Filter>Content</Filter>
    </ClInclude>
    <ClInclude Include="Content\ShaderStructures.h">
      <Filter>Content</Filter>
    </ClInclude>
    <ClCompile Include="Content\Sample3DSceneRenderer.cpp">
      <Filter>Content</Filter>
    </ClCompile>
    <ClCompile Include="Content\SampleFpsTextRenderer.cpp">
      <Filter>Content</Filter>
    </ClCompile>
    <Image Include="Assets\LockScreenLogo.scale-200.png">
      <Filter>Assets</Filter>
    </Image>
    <Image Include="Assets\SplashScreen.scale-200.png">
      <Filter>Assets</Filter>
    </Image>
    <Image Include="Assets\Square150x150Logo.scale-200.png">
      <Filter>Assets</Filter>
    </Image>
    <Image Include="Assets\Square44x44Logo.scale-200.png">
      <Filter>Assets</Filter>
    </Image>
    <Image Include="Assets\Square44x44Logo.targetsize-24_altform-unplated.png">
      <Filter>Assets</Filter>
    </Image>
    <Image Include="Assets\Wide310x150Logo.scale-200.png">
      <Filter>Assets</Filter>
    </Image>
    <Filter Include="Scene">
      <UniqueIdentifier>{40b40dfc-ec76-408c-aa57-04666d2cf4c1}</UniqueIdentifier>
    </Filter>
    <Filter Include="MVVM">
      <UniqueIdentifier>{9c6e94e2-e80e-4587-877a-b7067ae124a0}</UniqueIdentifier>
    </Filter>
    <Filter Include="ViewModels">
      <UniqueIdentifier>{7881bd15-6b0c-4de7-8640-d2a0a911e957}</UniqueIdentifier>
    </Filter>
  </ItemGroup>
  <ItemGroup>
    <ApplicationDefinition Include="App.xaml" />
  </ItemGroup>
  <ItemGroup>
    <ClCompile Include="App.xaml.cpp" />
    <ClCompile Include="ModelViewerMain.cpp" />
    <ClCompile Include="DirectXPage.xaml.cpp" />
    <ClCompile Include="pch.cpp" />
    <ClCompile Include="Axis.cpp" />
    <ClCompile Include="DXGrid.cpp" />
    <ClCompile Include="Utility.cpp" />
    <ClCompile Include="RootPage.xaml.cpp" />
    <ClCompile Include="ModelFactory.cpp" />
    <ClCompile Include="Scene\CameraNode.cpp">
      <Filter>Scene</Filter>
    </ClCompile>
    <ClCompile Include="Scene\GraphContainerNode.cpp">
      <Filter>Scene</Filter>
    </ClCompile>
    <ClCompile Include="Scene\GraphNode.cpp">
      <Filter>Scene</Filter>
    </ClCompile>
    <ClCompile Include="Scene\LightNode.cpp">
      <Filter>Scene</Filter>
    </ClCompile>
    <ClCompile Include="Scene\MeshNode.cpp">
      <Filter>Scene</Filter>
    </ClCompile>
    <ClCompile Include="SceneManager.cpp" />
    <ClCompile Include="BufferManager.cpp" />
    <ClCompile Include="NodeMaterial.cpp" />
    <ClCompile Include="DirectXPageViewModelData.cpp" />
    <ClCompile Include="ImgUtils.cpp" />
    <ClCompile Include="DXUtils.cpp" />
    <ClCompile Include="BoundingBox.cpp" />
    <ClCompile Include="Container.cpp" />
    <ClCompile Include="GlyphConverter.cpp" />
    <ClCompile Include="RenderTexture.cpp" />
    <ClCompile Include="Scene\SceneContext.cpp" />
    <ClCompile Include="ShaderCache.cpp" />
    <ClCompile Include="ModelBufferManager.cpp" />
    <ClCompile Include="BufferCache.cpp" />
    <ClCompile Include="Scene\RootNode.cpp">
      <Filter>Scene</Filter>
    </ClCompile>
    <ClCompile Include="Common\BindableBase.cpp">
      <Filter>MVVM</Filter>
    </ClCompile>
    <ClCompile Include="DelegateCommand.cpp">
      <Filter>MVVM</Filter>
    </ClCompile>
    <ClCompile Include="BooleanToVisibilityConverter.cpp">
      <Filter>MVVM</Filter>
    </ClCompile>
    <ClCompile Include="DecimalPlacesConverter.cpp">
      <Filter>MVVM</Filter>
    </ClCompile>
    <ClCompile Include="Common\ViewModelBase.cpp">
      <Filter>MVVM</Filter>
    </ClCompile>
    <ClCompile Include="ViewModels\DirectXPageViewModel.cpp">
      <Filter>ViewModels</Filter>
    </ClCompile>
    <ClCompile Include="ViewModels\TransformViewModel.cpp">
      <Filter>ViewModels</Filter>
    </ClCompile>
    <ClCompile Include="ViewModels\RootPageViewModel.cpp">
      <Filter>ViewModels</Filter>
    </ClCompile>
    <ClCompile Include="sub_token.cpp" />
  </ItemGroup>
  <ItemGroup>
    <ClInclude Include="App.xaml.h" />
    <ClInclude Include="ModelViewerMain.h" />
    <ClInclude Include="DirectXPage.xaml.h" />
    <ClInclude Include="pch.h" />
    <ClInclude Include="Axis.h" />
    <ClInclude Include="DXGrid.h" />
    <ClInclude Include="Utility.h" />
    <ClInclude Include="RootPage.xaml.h" />
    <ClInclude Include="ModelFactory.h" />
    <ClInclude Include="EventShim.h" />
    <ClInclude Include="Scene\CameraNode.h">
      <Filter>Scene</Filter>
    </ClInclude>
    <ClInclude Include="Scene\GraphContainerNode.h">
      <Filter>Scene</Filter>
    </ClInclude>
    <ClInclude Include="Scene\GraphNode.h">
      <Filter>Scene</Filter>
    </ClInclude>
    <ClInclude Include="Scene\LightNode.h">
      <Filter>Scene</Filter>
    </ClInclude>
    <ClInclude Include="Scene\MeshNode.h">
      <Filter>Scene</Filter>
    </ClInclude>
    <ClInclude Include="SceneManager.h" />
    <ClInclude Include="BufferManager.h" />
    <ClInclude Include="NodeMaterial.h" />
    <ClInclude Include="DirectXPageViewModelData.h" />
    <ClInclude Include="ImgUtils.h" />
    <ClInclude Include="DXUtils.h" />
    <ClInclude Include="BoundingBox.h" />
    <ClInclude Include="Container.h" />
    <ClInclude Include="GlyphConverter.h" />
    <ClInclude Include="FileSystemData.h" />
    <ClInclude Include="RenderTexture.h" />
    <ClInclude Include="Scene\SceneContext.h" />
    <ClInclude Include="ShaderCache.h" />
    <ClInclude Include="ModelBufferManager.h" />
    <ClInclude Include="BufferCache.h" />
    <ClInclude Include="Singleton.h" />
    <ClInclude Include="Scene\RootNode.h">
      <Filter>Scene</Filter>
    </ClInclude>
    <ClInclude Include="Common\BindableBase.h">
      <Filter>MVVM</Filter>
    </ClInclude>
    <ClInclude Include="DelegateCommand.h">
      <Filter>MVVM</Filter>
    </ClInclude>
    <ClInclude Include="BooleanToVisibilityConverter.h">
      <Filter>MVVM</Filter>
    </ClInclude>
    <ClInclude Include="DecimalPlacesConverter.h">
      <Filter>MVVM</Filter>
    </ClInclude>
    <ClInclude Include="Common\ViewModelBase.h">
      <Filter>MVVM</Filter>
    </ClInclude>
    <ClInclude Include="ViewModels\DirectXPageViewModel.h">
      <Filter>ViewModels</Filter>
    </ClInclude>
    <ClInclude Include="ViewModels\TransformViewModel.h">
      <Filter>ViewModels</Filter>
    </ClInclude>
    <ClInclude Include="ViewModels\RootPageViewModel.h">
      <Filter>ViewModels</Filter>
    </ClInclude>
    <ClInclude Include="Subject.h" />
    <ClInclude Include="sub_token.h" />
  </ItemGroup>
  <ItemGroup>
    <Image Include="Assets\StoreLogo.png">
      <Filter>Assets</Filter>
    </Image>
    <Image Include="Assets\textures\brdfLUT.png">
      <Filter>Assets</Filter>
    </Image>
    <Image Include="Assets\textures\papermill\diffuse\diffuse_back_0.jpg">
      <Filter>Assets</Filter>
    </Image>
    <Image Include="Assets\textures\papermill\diffuse\diffuse_bottom_0.jpg">
      <Filter>Assets</Filter>
    </Image>
    <Image Include="Assets\textures\papermill\diffuse\diffuse_front_0.jpg">
      <Filter>Assets</Filter>
    </Image>
    <Image Include="Assets\textures\papermill\diffuse\diffuse_left_0.jpg">
      <Filter>Assets</Filter>
    </Image>
    <Image Include="Assets\textures\papermill\diffuse\diffuse_right_0.jpg">
      <Filter>Assets</Filter>
    </Image>
    <Image Include="Assets\textures\papermill\diffuse\diffuse_top_0.jpg">
      <Filter>Assets</Filter>
    </Image>
    <Image Include="Assets\textures\papermill\environment\environment_back_0.jpg">
      <Filter>Assets</Filter>
    </Image>
    <Image Include="Assets\textures\papermill\environment\environment_bottom_0.jpg">
      <Filter>Assets</Filter>
    </Image>
    <Image Include="Assets\textures\papermill\environment\environment_front_0.jpg">
      <Filter>Assets</Filter>
    </Image>
    <Image Include="Assets\textures\papermill\environment\environment_left_0.jpg">
      <Filter>Assets</Filter>
    </Image>
    <Image Include="Assets\textures\papermill\environment\environment_right_0.jpg">
      <Filter>Assets</Filter>
    </Image>
    <Image Include="Assets\textures\papermill\environment\environment_top_0.jpg">
      <Filter>Assets</Filter>
    </Image>
    <Image Include="Assets\textures\papermill\specular\specular_back_0.jpg">
      <Filter>Assets</Filter>
    </Image>
    <Image Include="Assets\textures\papermill\specular\specular_back_1.jpg">
      <Filter>Assets</Filter>
    </Image>
    <Image Include="Assets\textures\papermill\specular\specular_back_2.jpg">
      <Filter>Assets</Filter>
    </Image>
    <Image Include="Assets\textures\papermill\specular\specular_back_3.jpg">
      <Filter>Assets</Filter>
    </Image>
    <Image Include="Assets\textures\papermill\specular\specular_back_4.jpg">
      <Filter>Assets</Filter>
    </Image>
    <Image Include="Assets\textures\papermill\specular\specular_back_5.jpg">
      <Filter>Assets</Filter>
    </Image>
    <Image Include="Assets\textures\papermill\specular\specular_back_6.jpg">
      <Filter>Assets</Filter>
    </Image>
    <Image Include="Assets\textures\papermill\specular\specular_back_7.jpg">
      <Filter>Assets</Filter>
    </Image>
    <Image Include="Assets\textures\papermill\specular\specular_back_8.jpg">
      <Filter>Assets</Filter>
    </Image>
    <Image Include="Assets\textures\papermill\specular\specular_back_9.jpg">
      <Filter>Assets</Filter>
    </Image>
    <Image Include="Assets\textures\papermill\specular\specular_bottom_0.jpg">
      <Filter>Assets</Filter>
    </Image>
    <Image Include="Assets\textures\papermill\specular\specular_bottom_1.jpg">
      <Filter>Assets</Filter>
    </Image>
    <Image Include="Assets\textures\papermill\specular\specular_bottom_2.jpg">
      <Filter>Assets</Filter>
    </Image>
    <Image Include="Assets\textures\papermill\specular\specular_bottom_3.jpg">
      <Filter>Assets</Filter>
    </Image>
    <Image Include="Assets\textures\papermill\specular\specular_bottom_4.jpg">
      <Filter>Assets</Filter>
    </Image>
    <Image Include="Assets\textures\papermill\specular\specular_bottom_5.jpg">
      <Filter>Assets</Filter>
    </Image>
    <Image Include="Assets\textures\papermill\specular\specular_bottom_6.jpg">
      <Filter>Assets</Filter>
    </Image>
    <Image Include="Assets\textures\papermill\specular\specular_bottom_7.jpg">
      <Filter>Assets</Filter>
    </Image>
    <Image Include="Assets\textures\papermill\specular\specular_bottom_8.jpg">
      <Filter>Assets</Filter>
    </Image>
    <Image Include="Assets\textures\papermill\specular\specular_bottom_9.jpg">
      <Filter>Assets</Filter>
    </Image>
    <Image Include="Assets\textures\papermill\specular\specular_front_0.jpg">
      <Filter>Assets</Filter>
    </Image>
    <Image Include="Assets\textures\papermill\specular\specular_front_1.jpg">
      <Filter>Assets</Filter>
    </Image>
    <Image Include="Assets\textures\papermill\specular\specular_front_2.jpg">
      <Filter>Assets</Filter>
    </Image>
    <Image Include="Assets\textures\papermill\specular\specular_front_3.jpg">
      <Filter>Assets</Filter>
    </Image>
    <Image Include="Assets\textures\papermill\specular\specular_front_4.jpg">
      <Filter>Assets</Filter>
    </Image>
    <Image Include="Assets\textures\papermill\specular\specular_front_5.jpg">
      <Filter>Assets</Filter>
    </Image>
    <Image Include="Assets\textures\papermill\specular\specular_front_6.jpg">
      <Filter>Assets</Filter>
    </Image>
    <Image Include="Assets\textures\papermill\specular\specular_front_7.jpg">
      <Filter>Assets</Filter>
    </Image>
    <Image Include="Assets\textures\papermill\specular\specular_front_8.jpg">
      <Filter>Assets</Filter>
    </Image>
    <Image Include="Assets\textures\papermill\specular\specular_front_9.jpg">
      <Filter>Assets</Filter>
    </Image>
    <Image Include="Assets\textures\papermill\specular\specular_left_0.jpg">
      <Filter>Assets</Filter>
    </Image>
    <Image Include="Assets\textures\papermill\specular\specular_left_1.jpg">
      <Filter>Assets</Filter>
    </Image>
    <Image Include="Assets\textures\papermill\specular\specular_left_2.jpg">
      <Filter>Assets</Filter>
    </Image>
    <Image Include="Assets\textures\papermill\specular\specular_left_3.jpg">
      <Filter>Assets</Filter>
    </Image>
    <Image Include="Assets\textures\papermill\specular\specular_left_4.jpg">
      <Filter>Assets</Filter>
    </Image>
    <Image Include="Assets\textures\papermill\specular\specular_left_5.jpg">
      <Filter>Assets</Filter>
    </Image>
    <Image Include="Assets\textures\papermill\specular\specular_left_6.jpg">
      <Filter>Assets</Filter>
    </Image>
    <Image Include="Assets\textures\papermill\specular\specular_left_7.jpg">
      <Filter>Assets</Filter>
    </Image>
    <Image Include="Assets\textures\papermill\specular\specular_left_8.jpg">
      <Filter>Assets</Filter>
    </Image>
    <Image Include="Assets\textures\papermill\specular\specular_left_9.jpg">
      <Filter>Assets</Filter>
    </Image>
    <Image Include="Assets\textures\papermill\specular\specular_right_0.jpg">
      <Filter>Assets</Filter>
    </Image>
    <Image Include="Assets\textures\papermill\specular\specular_right_1.jpg">
      <Filter>Assets</Filter>
    </Image>
    <Image Include="Assets\textures\papermill\specular\specular_right_2.jpg">
      <Filter>Assets</Filter>
    </Image>
    <Image Include="Assets\textures\papermill\specular\specular_right_3.jpg">
      <Filter>Assets</Filter>
    </Image>
    <Image Include="Assets\textures\papermill\specular\specular_right_4.jpg">
      <Filter>Assets</Filter>
    </Image>
    <Image Include="Assets\textures\papermill\specular\specular_right_5.jpg">
      <Filter>Assets</Filter>
    </Image>
    <Image Include="Assets\textures\papermill\specular\specular_right_6.jpg">
      <Filter>Assets</Filter>
    </Image>
    <Image Include="Assets\textures\papermill\specular\specular_right_7.jpg">
      <Filter>Assets</Filter>
    </Image>
    <Image Include="Assets\textures\papermill\specular\specular_right_8.jpg">
      <Filter>Assets</Filter>
    </Image>
    <Image Include="Assets\textures\papermill\specular\specular_right_9.jpg">
      <Filter>Assets</Filter>
    </Image>
    <Image Include="Assets\textures\papermill\specular\specular_top_0.jpg">
      <Filter>Assets</Filter>
    </Image>
    <Image Include="Assets\textures\papermill\specular\specular_top_1.jpg">
      <Filter>Assets</Filter>
    </Image>
    <Image Include="Assets\textures\papermill\specular\specular_top_2.jpg">
      <Filter>Assets</Filter>
    </Image>
    <Image Include="Assets\textures\papermill\specular\specular_top_3.jpg">
      <Filter>Assets</Filter>
    </Image>
    <Image Include="Assets\textures\papermill\specular\specular_top_4.jpg">
      <Filter>Assets</Filter>
    </Image>
    <Image Include="Assets\textures\papermill\specular\specular_top_5.jpg">
      <Filter>Assets</Filter>
    </Image>
    <Image Include="Assets\textures\papermill\specular\specular_top_6.jpg">
      <Filter>Assets</Filter>
    </Image>
    <Image Include="Assets\textures\papermill\specular\specular_top_7.jpg">
      <Filter>Assets</Filter>
    </Image>
    <Image Include="Assets\textures\papermill\specular\specular_top_8.jpg">
      <Filter>Assets</Filter>
    </Image>
    <Image Include="Assets\textures\papermill\specular\specular_top_9.jpg">
      <Filter>Assets</Filter>
    </Image>
  </ItemGroup>
  <ItemGroup>
    <AppxManifest Include="Package.appxmanifest" />
  </ItemGroup>
  <ItemGroup>
    <None Include="ModelViewer_TemporaryKey.pfx" />
    <None Include="Assets\Shaders\pbrpixel.hlsl" />
    <None Include="Assets\Shaders\pbrvertex.hlsl" />
  </ItemGroup>
  <ItemGroup>
    <Page Include="DirectXPage.xaml" />
    <Page Include="RootPage.xaml" />
  </ItemGroup>
  <ItemGroup>
    <FxCompile Include="Content\SimplePixelShader.hlsl">
      <Filter>Content</Filter>
    </FxCompile>
    <FxCompile Include="Content\SimpleVertexShader.hlsl">
      <Filter>Content</Filter>
    </FxCompile>
  </ItemGroup>
</Project>